{
  "name": "svanill",
  "version": "1.0.0",
  "lockfileVersion": 2,
  "requires": true,
  "packages": {
    "": {
      "name": "svanill",
      "version": "1.0.0",
      "license": "AGPL-3.0",
      "devDependencies": {
        "@playwright/test": "^1.28.0",
        "playwright": "^1.29.2"
      }
    },
    "node_modules/@playwright/test": {
      "version": "1.28.0",
      "resolved": "https://registry.npmjs.org/@playwright/test/-/test-1.28.0.tgz",
      "integrity": "sha512-vrHs5DFTPwYox5SGKq/7TDn/S4q6RA1zArd7uhO6EyP9hj3XgZBBM12ktMbnDQNxh/fL1IUKsTNLxihmsU38lQ==",
      "dev": true,
      "dependencies": {
        "@types/node": "*",
        "playwright-core": "1.28.0"
      },
      "bin": {
        "playwright": "cli.js"
      },
      "engines": {
        "node": ">=14"
      }
    },
    "node_modules/@types/node": {
      "version": "18.0.0",
      "resolved": "https://registry.npmjs.org/@types/node/-/node-18.0.0.tgz",
      "integrity": "sha512-cHlGmko4gWLVI27cGJntjs/Sj8th9aYwplmZFwmmgYQQvL5NUsgVJG7OddLvNfLqYS31KFN0s3qlaD9qCaxACA==",
      "dev": true
    },
    "node_modules/playwright": {
      "version": "1.29.2",
      "resolved": "https://registry.npmjs.org/playwright/-/playwright-1.29.2.tgz",
      "integrity": "sha512-hKBYJUtdmYzcjdhYDkP9WGtORwwZBBKAW8+Lz7sr0ZMxtJr04ASXVzH5eBWtDkdb0c3LLFsehfPBTRfvlfKJOA==",
      "dev": true,
      "hasInstallScript": true,
      "dependencies": {
        "playwright-core": "1.29.2"
      },
      "bin": {
        "playwright": "cli.js"
      },
      "engines": {
        "node": ">=14"
      }
    },
    "node_modules/playwright-core": {
      "version": "1.28.0",
      "resolved": "https://registry.npmjs.org/playwright-core/-/playwright-core-1.28.0.tgz",
      "integrity": "sha512-nJLknd28kPBiCNTbqpu6Wmkrh63OEqJSFw9xOfL9qxfNwody7h6/L3O2dZoWQ6Oxcm0VOHjWmGiCUGkc0X3VZA==",
      "dev": true,
      "bin": {
        "playwright": "cli.js"
      },
      "engines": {
        "node": ">=14"
      }
    },
    "node_modules/playwright/node_modules/playwright-core": {
      "version": "1.29.2",
      "resolved": "https://registry.npmjs.org/playwright-core/-/playwright-core-1.29.2.tgz",
      "integrity": "sha512-94QXm4PMgFoHAhlCuoWyaBYKb92yOcGVHdQLoxQ7Wjlc7Flg4aC/jbFW7xMR52OfXMVkWicue4WXE7QEegbIRA==",
      "dev": true,
      "bin": {
        "playwright": "cli.js"
      },
      "engines": {
        "node": ">=14"
      }
    }
  },
  "dependencies": {
    "@playwright/test": {
      "version": "1.28.0",
      "resolved": "https://registry.npmjs.org/@playwright/test/-/test-1.28.0.tgz",
      "integrity": "sha512-vrHs5DFTPwYox5SGKq/7TDn/S4q6RA1zArd7uhO6EyP9hj3XgZBBM12ktMbnDQNxh/fL1IUKsTNLxihmsU38lQ==",
      "dev": true,
      "requires": {
        "@types/node": "*",
        "playwright-core": "1.28.0"
      }
    },
    "@types/node": {
      "version": "18.0.0",
      "resolved": "https://registry.npmjs.org/@types/node/-/node-18.0.0.tgz",
      "integrity": "sha512-cHlGmko4gWLVI27cGJntjs/Sj8th9aYwplmZFwmmgYQQvL5NUsgVJG7OddLvNfLqYS31KFN0s3qlaD9qCaxACA==",
      "dev": true
    },
    "playwright": {
      "version": "1.29.2",
      "resolved": "https://registry.npmjs.org/playwright/-/playwright-1.29.2.tgz",
      "integrity": "sha512-hKBYJUtdmYzcjdhYDkP9WGtORwwZBBKAW8+Lz7sr0ZMxtJr04ASXVzH5eBWtDkdb0c3LLFsehfPBTRfvlfKJOA==",
      "dev": true,
      "requires": {
        "playwright-core": "1.29.2"
      },
      "dependencies": {
        "playwright-core": {
          "version": "1.29.2",
          "resolved": "https://registry.npmjs.org/playwright-core/-/playwright-core-1.29.2.tgz",
          "integrity": "sha512-94QXm4PMgFoHAhlCuoWyaBYKb92yOcGVHdQLoxQ7Wjlc7Flg4aC/jbFW7xMR52OfXMVkWicue4WXE7QEegbIRA==",
          "dev": true
        }
      }
    },
    "playwright-core": {
      "version": "1.28.0",
      "resolved": "https://registry.npmjs.org/playwright-core/-/playwright-core-1.28.0.tgz",
      "integrity": "sha512-nJLknd28kPBiCNTbqpu6Wmkrh63OEqJSFw9xOfL9qxfNwody7h6/L3O2dZoWQ6Oxcm0VOHjWmGiCUGkc0X3VZA==",
      "dev": true
    }
  }
}
